github.com/google/jsonapi v1.0.0 h1:qIGgO5Smu3yJmSs+QlvhQnrscdZfFhiV6S8ryJAglqU=
github.com/google/jsonapi v1.0.0/go.mod h1:YYHiRPJT8ARXGER8In9VuLv4qvLfDmA9ULQqptbLE4s=
github.com/gorilla/mux v1.8.0 h1:i40aqfkR1h2SlN9hojwV5ZA91wcXFOvkdNIeFDP5koI=
github.com/gorilla/mux v1.8.0/go.mod h1:DVbg23sWSpFRCP0SfiEN6jmj59UnW/n46BH5rLB71So=
